{
  "name": "@proxtx/ui",
  "version": "1.0.0",
  "lockfileVersion": 2,
  "requires": true,
  "packages": {
    "": {
      "name": "@proxtx/ui",
      "version": "1.0.0",
      "license": "MIT",
      "dependencies": {
        "@proxtx/html": "^1.1.0"
      }
    },
    "node_modules/@proxtx/html": {
      "version": "1.1.0",
      "resolved": "https://registry.npmjs.org/@proxtx/html/-/html-1.1.0.tgz",
      "integrity": "sha512-t9baEJ0SS/E0AfrnjB4MLO8brP8CYxAFoUPRpsROiyp2HBkfvov5A9We4PdLKC+wai9Csn+POSFMffUkmoBdKw=="
    }
  },
  "dependencies": {
    "@proxtx/html": {
      "version": "1.1.0",
      "resolved": "https://registry.npmjs.org/@proxtx/html/-/html-1.1.0.tgz",
      "integrity": "sha512-t9baEJ0SS/E0AfrnjB4MLO8brP8CYxAFoUPRpsROiyp2HBkfvov5A9We4PdLKC+wai9Csn+POSFMffUkmoBdKw=="
    }
  }
}
